
Microsoft Visual Studio Solution File, Format Version 12.00
# Visual Studio Version 16
VisualStudioVersion = 16.0.32428.217
MinimumVisualStudioVersion = 10.0.40219.1
Project("{FAE04EC0-301F-11D3-BF4B-00C04F79EFBC}") = "HPII_Prac3", "HPII_Prac3\HPII_Prac3.csproj", "{C907B13F-13EB-454C-A572-70421A62C81A}"
EndProject
Global
	GlobalSection(SolutionConfigurationPlatforms) = preSolution
		Debug|Any CPU = Debug|Any CPU
		Release|Any CPU = Release|Any CPU
	EndGlobalSection
	GlobalSection(ProjectConfigurationPlatforms) = postSolution
		{C907B13F-13EB-454C-A572-70421A62C81A}.Debug|Any CPU.ActiveCfg = Debug|Any CPU
		{C907B13F-13EB-454C-A572-70421A62C81A}.Debug|Any CPU.Build.0 = Debug|Any CPU
		{C907B13F-13EB-454C-A572-70421A62C81A}.Release|Any CPU.ActiveCfg = Release|Any CPU
		{C907B13F-13EB-454C-A572-70421A62C81A}.Release|Any CPU.Build.0 = Release|Any CPU
	EndGlobalSection
	GlobalSection(SolutionProperties) = preSolution
		HideSolutionNode = FALSE
	EndGlobalSection
	GlobalSection(ExtensibilityGlobals) = postSolution
		SolutionGuid = {D2699CA2-829C-45AE-ADA4-73A2A2EBB789}
	EndGlobalSection
EndGlobal
